
Microsoft Visual Studio Solution File, Format Version 12.00
# Visual Studio Version 17
VisualStudioVersion = 17.7.34031.279
MinimumVisualStudioVersion = 10.0.40219.1
Project("{FAE04EC0-301F-11D3-BF4B-00C04F79EFBC}") = "WFA6", "WFA6.csproj", "{06AEE500-9E00-4E6C-B682-A23F431DCAB7}"
EndProject
Global
	GlobalSection(SolutionConfigurationPlatforms) = preSolution
		Debug|Any CPU = Debug|Any CPU
		Release|Any CPU = Release|Any CPU
	EndGlobalSection
	GlobalSection(ProjectConfigurationPlatforms) = postSolution
		{06AEE500-9E00-4E6C-B682-A23F431DCAB7}.Debug|Any CPU.ActiveCfg = Debug|Any CPU
		{06AEE500-9E00-4E6C-B682-A23F431DCAB7}.Debug|Any CPU.Build.0 = Debug|Any CPU
		{06AEE500-9E00-4E6C-B682-A23F431DCAB7}.Release|Any CPU.ActiveCfg = Release|Any CPU
		{06AEE500-9E00-4E6C-B682-A23F431DCAB7}.Release|Any CPU.Build.0 = Release|Any CPU
	EndGlobalSection
	GlobalSection(SolutionProperties) = preSolution
		HideSolutionNode = FALSE
	EndGlobalSection
	GlobalSection(ExtensibilityGlobals) = postSolution
		SolutionGuid = {CD8E36E1-0ADE-4A39-81D0-F76A62689902}
	EndGlobalSection
EndGlobal
